
Microsoft Visual Studio Solution File, Format Version 12.00
# Visual Studio 15
VisualStudioVersion = 15.0.27703.2018
MinimumVisualStudioVersion = 10.0.40219.1
Project("{8BC9CEB8-8B4A-11D0-8D11-00A0C91BC942}") = "DSRSaveManager", "DSRSaveManager\DSRSaveManager.vcxproj", "{1391AA01-C25F-4817-BD68-F27160D102B1}"
EndProject
Global
	GlobalSection(SolutionConfigurationPlatforms) = preSolution
		Debug|x64 = Debug|x64
		Debug|x86 = Debug|x86
		Release|x64 = Release|x64
		Release|x86 = Release|x86
	EndGlobalSection
	GlobalSection(ProjectConfigurationPlatforms) = postSolution
		{1391AA01-C25F-4817-BD68-F27160D102B1}.Debug|x64.ActiveCfg = Debug|x64
		{1391AA01-C25F-4817-BD68-F27160D102B1}.Debug|x64.Build.0 = Debug|x64
		{1391AA01-C25F-4817-BD68-F27160D102B1}.Debug|x86.ActiveCfg = Debug|Win32
		{1391AA01-C25F-4817-BD68-F27160D102B1}.Debug|x86.Build.0 = Debug|Win32
		{1391AA01-C25F-4817-BD68-F27160D102B1}.Release|x64.ActiveCfg = Release|x64
		{1391AA01-C25F-4817-BD68-F27160D102B1}.Release|x64.Build.0 = Release|x64
		{1391AA01-C25F-4817-BD68-F27160D102B1}.Release|x86.ActiveCfg = Release|Win32
		{1391AA01-C25F-4817-BD68-F27160D102B1}.Release|x86.Build.0 = Release|Win32
	EndGlobalSection
	GlobalSection(SolutionProperties) = preSolution
		HideSolutionNode = FALSE
	EndGlobalSection
	GlobalSection(ExtensibilityGlobals) = postSolution
		SolutionGuid = {A50E2C48-BF64-4133-A86D-360A1D34E01F}
	EndGlobalSection
EndGlobal
